
Microsoft Visual Studio Solution File, Format Version 10.00
# Visual Studio 2008
Project("{FAE04EC0-301F-11D3-BF4B-00C04F79EFBC}") = "ILNumerics.Drawing", "ILNumerics.Drawing\ILNumerics.Drawing.csproj", "{638FA579-A984-48A2-B3D0-D89991982134}"
EndProject
Project("{FAE04EC0-301F-11D3-BF4B-00C04F79EFBC}") = "ILNumerics.Net", "ILNumerics\ILNumerics.Net.csproj", "{3D3902F7-8F28-43AC-8584-4F515A5697C6}"
EndProject
Project("{FAE04EC0-301F-11D3-BF4B-00C04F79EFBC}") = "ILNumericsTest", "ILNumericsTest\ILNumericsTest.csproj", "{AC475787-6D58-4151-8674-1ECB07556E50}"
EndProject
Project("{8BC9CEB8-8B4A-11D0-8D11-00A0C91BC942}") = "ILCPUID", "ILCPUID\ILCPUID.vcproj", "{535D7952-1EA0-4F49-966F-B01B56C24569}"
EndProject
Project("{FAE04EC0-301F-11D3-BF4B-00C04F79EFBC}") = "BarGraph3DTestExample", "Examples\ILBarGraph3DTest\BarGraph3DTestExample.csproj", "{AC63A6B1-CB7B-4E18-9EA1-BB83DB39138F}"
EndProject
Project("{FAE04EC0-301F-11D3-BF4B-00C04F79EFBC}") = "BarGraph2DTestExample", "Examples\BarGraph2DTest\BarGraph2DTestExample.csproj", "{227879F1-0E01-49E7-92DB-73F28BAA19D8}"
EndProject
Project("{FAE04EC0-301F-11D3-BF4B-00C04F79EFBC}") = "ILVectorFieldExample", "Examples\VectorField2DExample\ILVectorFieldExample.csproj", "{BEC08E36-8D94-457E-9963-CB10AC96EB19}"
EndProject
Project("{FAE04EC0-301F-11D3-BF4B-00C04F79EFBC}") = "SurfaceGraphExample", "Examples\SurfaceGraphExample\SurfaceGraphExample.csproj", "{3151B2A4-721F-4346-A6E1-84F2F812C748}"
EndProject
Project("{FAE04EC0-301F-11D3-BF4B-00C04F79EFBC}") = "LabelingLegendExample", "Examples\LabelingLegendExample\LabelingLegendExample.csproj", "{6314A135-07D3-4C6E-BC99-03B0A5ED504E}"
EndProject
Project("{FAE04EC0-301F-11D3-BF4B-00C04F79EFBC}") = "ILFigureLineGraphExample", "Examples\ILFigureLineGraphExample\ILFigureLineGraphExample.csproj", "{0ED030D3-3921-49E9-A3C1-5C9BB0FB242E}"
EndProject
Project("{FAE04EC0-301F-11D3-BF4B-00C04F79EFBC}") = "TimeNSpace3DExample", "Examples\TimeNSpaceLitSinkExample\TimeNSpace3DExample.csproj", "{8E2A0CB7-616A-4CD1-A558-83B757FF3173}"
EndProject
Project("{FAE04EC0-301F-11D3-BF4B-00C04F79EFBC}") = "ILAutoTestCaseGeneration", "ILAutoTestCaseGeneration\ILAutoTestCaseGeneration.csproj", "{089D7181-24D8-4A12-AB2F-2F395D35C3F6}"
EndProject
Project("{FAE04EC0-301F-11D3-BF4B-00C04F79EFBC}") = "LightExampleSphereSpecular", "Examples\LightExampleSphereSpecular\LightExampleSphereSpecular.csproj", "{D8609855-40A2-4D54-A3CC-8D159AB5314D}"
EndProject
Project("{FAE04EC0-301F-11D3-BF4B-00C04F79EFBC}") = "LitSurfaceExample", "Examples\LitSurfaceExample\LitSurfaceExample.csproj", "{33E77EBD-B38E-4E53-AE24-E1DBEE05EF78}"
EndProject
Project("{FAE04EC0-301F-11D3-BF4B-00C04F79EFBC}") = "DynamicSceneExample", "Examples\DynamicSceneExample\DynamicSceneExample.csproj", "{517C314D-A26E-400D-9786-A5AF4DE1A504}"
EndProject
Project("{FAE04EC0-301F-11D3-BF4B-00C04F79EFBC}") = "3DCadViewGearExample", "Examples\3DCadViewGearExample\3DCadViewGearExample.csproj", "{66D302BB-134B-42D0-B328-0A7DA6C22E75}"
EndProject
Global
	GlobalSection(SolutionConfigurationPlatforms) = preSolution
		Debug|Any CPU = Debug|Any CPU
		Debug|Mixed Platforms = Debug|Mixed Platforms
		Debug|Win32 = Debug|Win32
		Debug|x86 = Debug|x86
		ILLibrary Release only|Any CPU = ILLibrary Release only|Any CPU
		ILLibrary Release only|Mixed Platforms = ILLibrary Release only|Mixed Platforms
		ILLibrary Release only|Win32 = ILLibrary Release only|Win32
		ILLibrary Release only|x86 = ILLibrary Release only|x86
		Release|Any CPU = Release|Any CPU
		Release|Mixed Platforms = Release|Mixed Platforms
		Release|Win32 = Release|Win32
		Release|x86 = Release|x86
	EndGlobalSection
	GlobalSection(ProjectConfigurationPlatforms) = postSolution
		{638FA579-A984-48A2-B3D0-D89991982134}.Debug|Any CPU.ActiveCfg = Debug|Any CPU
		{638FA579-A984-48A2-B3D0-D89991982134}.Debug|Any CPU.Build.0 = Debug|Any CPU
		{638FA579-A984-48A2-B3D0-D89991982134}.Debug|Mixed Platforms.ActiveCfg = Debug|x86
		{638FA579-A984-48A2-B3D0-D89991982134}.Debug|Mixed Platforms.Build.0 = Debug|x86
		{638FA579-A984-48A2-B3D0-D89991982134}.Debug|Win32.ActiveCfg = Debug|x86
		{638FA579-A984-48A2-B3D0-D89991982134}.Debug|x86.ActiveCfg = Debug|x86
		{638FA579-A984-48A2-B3D0-D89991982134}.Debug|x86.Build.0 = Debug|x86
		{638FA579-A984-48A2-B3D0-D89991982134}.ILLibrary Release only|Any CPU.ActiveCfg = ILLibrary Release only|Any CPU
		{638FA579-A984-48A2-B3D0-D89991982134}.ILLibrary Release only|Any CPU.Build.0 = ILLibrary Release only|Any CPU
		{638FA579-A984-48A2-B3D0-D89991982134}.ILLibrary Release only|Mixed Platforms.ActiveCfg = ILLibrary Release only|x86
		{638FA579-A984-48A2-B3D0-D89991982134}.ILLibrary Release only|Mixed Platforms.Build.0 = ILLibrary Release only|x86
		{638FA579-A984-48A2-B3D0-D89991982134}.ILLibrary Release only|Win32.ActiveCfg = ILLibrary Release only|x86
		{638FA579-A984-48A2-B3D0-D89991982134}.ILLibrary Release only|x86.ActiveCfg = ILLibrary Release only|x86
		{638FA579-A984-48A2-B3D0-D89991982134}.ILLibrary Release only|x86.Build.0 = ILLibrary Release only|x86
		{638FA579-A984-48A2-B3D0-D89991982134}.Release|Any CPU.ActiveCfg = Release|Any CPU
		{638FA579-A984-48A2-B3D0-D89991982134}.Release|Any CPU.Build.0 = Release|Any CPU
		{638FA579-A984-48A2-B3D0-D89991982134}.Release|Mixed Platforms.ActiveCfg = Release|x86
		{638FA579-A984-48A2-B3D0-D89991982134}.Release|Mixed Platforms.Build.0 = Release|x86
		{638FA579-A984-48A2-B3D0-D89991982134}.Release|Win32.ActiveCfg = Release|x86
		{638FA579-A984-48A2-B3D0-D89991982134}.Release|x86.ActiveCfg = Release|x86
		{638FA579-A984-48A2-B3D0-D89991982134}.Release|x86.Build.0 = Release|x86
		{3D3902F7-8F28-43AC-8584-4F515A5697C6}.Debug|Any CPU.ActiveCfg = Debug|Any CPU
		{3D3902F7-8F28-43AC-8584-4F515A5697C6}.Debug|Any CPU.Build.0 = Debug|Any CPU
		{3D3902F7-8F28-43AC-8584-4F515A5697C6}.Debug|Mixed Platforms.ActiveCfg = Debug|Any CPU
		{3D3902F7-8F28-43AC-8584-4F515A5697C6}.Debug|Mixed Platforms.Build.0 = Debug|Any CPU
		{3D3902F7-8F28-43AC-8584-4F515A5697C6}.Debug|Win32.ActiveCfg = Debug|Any CPU
		{3D3902F7-8F28-43AC-8584-4F515A5697C6}.Debug|x86.ActiveCfg = Debug|Any CPU
		{3D3902F7-8F28-43AC-8584-4F515A5697C6}.ILLibrary Release only|Any CPU.ActiveCfg = ILLibrary Release only|Any CPU
		{3D3902F7-8F28-43AC-8584-4F515A5697C6}.ILLibrary Release only|Any CPU.Build.0 = ILLibrary Release only|Any CPU
		{3D3902F7-8F28-43AC-8584-4F515A5697C6}.ILLibrary Release only|Mixed Platforms.ActiveCfg = ILLibrary Release only|Any CPU
		{3D3902F7-8F28-43AC-8584-4F515A5697C6}.ILLibrary Release only|Mixed Platforms.Build.0 = ILLibrary Release only|Any CPU
		{3D3902F7-8F28-43AC-8584-4F515A5697C6}.ILLibrary Release only|Win32.ActiveCfg = ILLibrary Release only|Any CPU
		{3D3902F7-8F28-43AC-8584-4F515A5697C6}.ILLibrary Release only|x86.ActiveCfg = ILLibrary Release only|Any CPU
		{3D3902F7-8F28-43AC-8584-4F515A5697C6}.Release|Any CPU.ActiveCfg = Release|Any CPU
		{3D3902F7-8F28-43AC-8584-4F515A5697C6}.Release|Any CPU.Build.0 = Release|Any CPU
		{3D3902F7-8F28-43AC-8584-4F515A5697C6}.Release|Mixed Platforms.ActiveCfg = Release|Any CPU
		{3D3902F7-8F28-43AC-8584-4F515A5697C6}.Release|Mixed Platforms.Build.0 = Release|Any CPU
		{3D3902F7-8F28-43AC-8584-4F515A5697C6}.Release|Win32.ActiveCfg = Release|Any CPU
		{3D3902F7-8F28-43AC-8584-4F515A5697C6}.Release|x86.ActiveCfg = Release|Any CPU
		{AC475787-6D58-4151-8674-1ECB07556E50}.Debug|Any CPU.ActiveCfg = Debug|Any CPU
		{AC475787-6D58-4151-8674-1ECB07556E50}.Debug|Any CPU.Build.0 = Debug|Any CPU
		{AC475787-6D58-4151-8674-1ECB07556E50}.Debug|Mixed Platforms.ActiveCfg = Debug|Any CPU
		{AC475787-6D58-4151-8674-1ECB07556E50}.Debug|Mixed Platforms.Build.0 = Debug|Any CPU
		{AC475787-6D58-4151-8674-1ECB07556E50}.Debug|Win32.ActiveCfg = Debug|Any CPU
		{AC475787-6D58-4151-8674-1ECB07556E50}.Debug|x86.ActiveCfg = Debug|Any CPU
		{AC475787-6D58-4151-8674-1ECB07556E50}.ILLibrary Release only|Any CPU.ActiveCfg = ILLibrary Release only|Any CPU
		{AC475787-6D58-4151-8674-1ECB07556E50}.ILLibrary Release only|Any CPU.Build.0 = ILLibrary Release only|Any CPU
		{AC475787-6D58-4151-8674-1ECB07556E50}.ILLibrary Release only|Mixed Platforms.ActiveCfg = ILLibrary Release only|Any CPU
		{AC475787-6D58-4151-8674-1ECB07556E50}.ILLibrary Release only|Mixed Platforms.Build.0 = ILLibrary Release only|Any CPU
		{AC475787-6D58-4151-8674-1ECB07556E50}.ILLibrary Release only|Win32.ActiveCfg = ILLibrary Release only|Any CPU
		{AC475787-6D58-4151-8674-1ECB07556E50}.ILLibrary Release only|x86.ActiveCfg = ILLibrary Release only|Any CPU
		{AC475787-6D58-4151-8674-1ECB07556E50}.Release|Any CPU.ActiveCfg = Release|Any CPU
		{AC475787-6D58-4151-8674-1ECB07556E50}.Release|Any CPU.Build.0 = Release|Any CPU
		{AC475787-6D58-4151-8674-1ECB07556E50}.Release|Mixed Platforms.ActiveCfg = Release|Any CPU
		{AC475787-6D58-4151-8674-1ECB07556E50}.Release|Mixed Platforms.Build.0 = Release|Any CPU
		{AC475787-6D58-4151-8674-1ECB07556E50}.Release|Win32.ActiveCfg = Release|Any CPU
		{AC475787-6D58-4151-8674-1ECB07556E50}.Release|x86.ActiveCfg = Release|Any CPU
		{535D7952-1EA0-4F49-966F-B01B56C24569}.Debug|Any CPU.ActiveCfg = Debug|Win32
		{535D7952-1EA0-4F49-966F-B01B56C24569}.Debug|Mixed Platforms.ActiveCfg = Debug|Win32
		{535D7952-1EA0-4F49-966F-B01B56C24569}.Debug|Mixed Platforms.Build.0 = Debug|Win32
		{535D7952-1EA0-4F49-966F-B01B56C24569}.Debug|Win32.ActiveCfg = Debug|Win32
		{535D7952-1EA0-4F49-966F-B01B56C24569}.Debug|Win32.Build.0 = Debug|Win32
		{535D7952-1EA0-4F49-966F-B01B56C24569}.Debug|x86.ActiveCfg = Debug|Win32
		{535D7952-1EA0-4F49-966F-B01B56C24569}.ILLibrary Release only|Any CPU.ActiveCfg = ILLibrary Release only|Win32
		{535D7952-1EA0-4F49-966F-B01B56C24569}.ILLibrary Release only|Mixed Platforms.ActiveCfg = ILLibrary Release only|Win32
		{535D7952-1EA0-4F49-966F-B01B56C24569}.ILLibrary Release only|Mixed Platforms.Build.0 = ILLibrary Release only|Win32
		{535D7952-1EA0-4F49-966F-B01B56C24569}.ILLibrary Release only|Win32.ActiveCfg = ILLibrary Release only|Win32
		{535D7952-1EA0-4F49-966F-B01B56C24569}.ILLibrary Release only|Win32.Build.0 = ILLibrary Release only|Win32
		{535D7952-1EA0-4F49-966F-B01B56C24569}.ILLibrary Release only|x86.ActiveCfg = ILLibrary Release only|Win32
		{535D7952-1EA0-4F49-966F-B01B56C24569}.Release|Any CPU.ActiveCfg = Release|Win32
		{535D7952-1EA0-4F49-966F-B01B56C24569}.Release|Mixed Platforms.ActiveCfg = Release|Win32
		{535D7952-1EA0-4F49-966F-B01B56C24569}.Release|Mixed Platforms.Build.0 = Release|Win32
		{535D7952-1EA0-4F49-966F-B01B56C24569}.Release|Win32.ActiveCfg = Release|Win32
		{535D7952-1EA0-4F49-966F-B01B56C24569}.Release|Win32.Build.0 = Release|Win32
		{535D7952-1EA0-4F49-966F-B01B56C24569}.Release|x86.ActiveCfg = Release|Win32
		{AC63A6B1-CB7B-4E18-9EA1-BB83DB39138F}.Debug|Any CPU.ActiveCfg = Debug|Any CPU
		{AC63A6B1-CB7B-4E18-9EA1-BB83DB39138F}.Debug|Any CPU.Build.0 = Debug|Any CPU
		{AC63A6B1-CB7B-4E18-9EA1-BB83DB39138F}.Debug|Mixed Platforms.ActiveCfg = Debug|Any CPU
		{AC63A6B1-CB7B-4E18-9EA1-BB83DB39138F}.Debug|Mixed Platforms.Build.0 = Debug|Any CPU
		{AC63A6B1-CB7B-4E18-9EA1-BB83DB39138F}.Debug|Win32.ActiveCfg = Debug|Any CPU
		{AC63A6B1-CB7B-4E18-9EA1-BB83DB39138F}.Debug|x86.ActiveCfg = Debug|Any CPU
		{AC63A6B1-CB7B-4E18-9EA1-BB83DB39138F}.ILLibrary Release only|Any CPU.ActiveCfg = Release|Any CPU
		{AC63A6B1-CB7B-4E18-9EA1-BB83DB39138F}.ILLibrary Release only|Any CPU.Build.0 = Release|Any CPU
		{AC63A6B1-CB7B-4E18-9EA1-BB83DB39138F}.ILLibrary Release only|Mixed Platforms.ActiveCfg = Release|Any CPU
		{AC63A6B1-CB7B-4E18-9EA1-BB83DB39138F}.ILLibrary Release only|Mixed Platforms.Build.0 = Release|Any CPU
		{AC63A6B1-CB7B-4E18-9EA1-BB83DB39138F}.ILLibrary Release only|Win32.ActiveCfg = Release|Any CPU
		{AC63A6B1-CB7B-4E18-9EA1-BB83DB39138F}.ILLibrary Release only|x86.ActiveCfg = Release|Any CPU
		{AC63A6B1-CB7B-4E18-9EA1-BB83DB39138F}.Release|Any CPU.ActiveCfg = Release|Any CPU
		{AC63A6B1-CB7B-4E18-9EA1-BB83DB39138F}.Release|Any CPU.Build.0 = Release|Any CPU
		{AC63A6B1-CB7B-4E18-9EA1-BB83DB39138F}.Release|Mixed Platforms.ActiveCfg = Release|Any CPU
		{AC63A6B1-CB7B-4E18-9EA1-BB83DB39138F}.Release|Mixed Platforms.Build.0 = Release|Any CPU
		{AC63A6B1-CB7B-4E18-9EA1-BB83DB39138F}.Release|Win32.ActiveCfg = Release|Any CPU
		{AC63A6B1-CB7B-4E18-9EA1-BB83DB39138F}.Release|x86.ActiveCfg = Release|Any CPU
		{227879F1-0E01-49E7-92DB-73F28BAA19D8}.Debug|Any CPU.ActiveCfg = Debug|Any CPU
		{227879F1-0E01-49E7-92DB-73F28BAA19D8}.Debug|Any CPU.Build.0 = Debug|Any CPU
		{227879F1-0E01-49E7-92DB-73F28BAA19D8}.Debug|Mixed Platforms.ActiveCfg = Debug|Any CPU
		{227879F1-0E01-49E7-92DB-73F28BAA19D8}.Debug|Mixed Platforms.Build.0 = Debug|Any CPU
		{227879F1-0E01-49E7-92DB-73F28BAA19D8}.Debug|Win32.ActiveCfg = Debug|Any CPU
		{227879F1-0E01-49E7-92DB-73F28BAA19D8}.Debug|x86.ActiveCfg = Debug|Any CPU
		{227879F1-0E01-49E7-92DB-73F28BAA19D8}.ILLibrary Release only|Any CPU.ActiveCfg = Release|Any CPU
		{227879F1-0E01-49E7-92DB-73F28BAA19D8}.ILLibrary Release only|Any CPU.Build.0 = Release|Any CPU
		{227879F1-0E01-49E7-92DB-73F28BAA19D8}.ILLibrary Release only|Mixed Platforms.ActiveCfg = Release|Any CPU
		{227879F1-0E01-49E7-92DB-73F28BAA19D8}.ILLibrary Release only|Mixed Platforms.Build.0 = Release|Any CPU
		{227879F1-0E01-49E7-92DB-73F28BAA19D8}.ILLibrary Release only|Win32.ActiveCfg = Release|Any CPU
		{227879F1-0E01-49E7-92DB-73F28BAA19D8}.ILLibrary Release only|x86.ActiveCfg = Release|Any CPU
		{227879F1-0E01-49E7-92DB-73F28BAA19D8}.Release|Any CPU.ActiveCfg = Release|Any CPU
		{227879F1-0E01-49E7-92DB-73F28BAA19D8}.Release|Any CPU.Build.0 = Release|Any CPU
		{227879F1-0E01-49E7-92DB-73F28BAA19D8}.Release|Mixed Platforms.ActiveCfg = Release|Any CPU
		{227879F1-0E01-49E7-92DB-73F28BAA19D8}.Release|Mixed Platforms.Build.0 = Release|Any CPU
		{227879F1-0E01-49E7-92DB-73F28BAA19D8}.Release|Win32.ActiveCfg = Release|Any CPU
		{227879F1-0E01-49E7-92DB-73F28BAA19D8}.Release|x86.ActiveCfg = Release|Any CPU
		{BEC08E36-8D94-457E-9963-CB10AC96EB19}.Debug|Any CPU.ActiveCfg = Debug|Any CPU
		{BEC08E36-8D94-457E-9963-CB10AC96EB19}.Debug|Any CPU.Build.0 = Debug|Any CPU
		{BEC08E36-8D94-457E-9963-CB10AC96EB19}.Debug|Mixed Platforms.ActiveCfg = Debug|Any CPU
		{BEC08E36-8D94-457E-9963-CB10AC96EB19}.Debug|Mixed Platforms.Build.0 = Debug|Any CPU
		{BEC08E36-8D94-457E-9963-CB10AC96EB19}.Debug|Win32.ActiveCfg = Debug|Any CPU
		{BEC08E36-8D94-457E-9963-CB10AC96EB19}.Debug|x86.ActiveCfg = Debug|Any CPU
		{BEC08E36-8D94-457E-9963-CB10AC96EB19}.ILLibrary Release only|Any CPU.ActiveCfg = Release|Any CPU
		{BEC08E36-8D94-457E-9963-CB10AC96EB19}.ILLibrary Release only|Any CPU.Build.0 = Release|Any CPU
		{BEC08E36-8D94-457E-9963-CB10AC96EB19}.ILLibrary Release only|Mixed Platforms.ActiveCfg = Release|Any CPU
		{BEC08E36-8D94-457E-9963-CB10AC96EB19}.ILLibrary Release only|Mixed Platforms.Build.0 = Release|Any CPU
		{BEC08E36-8D94-457E-9963-CB10AC96EB19}.ILLibrary Release only|Win32.ActiveCfg = Release|Any CPU
		{BEC08E36-8D94-457E-9963-CB10AC96EB19}.ILLibrary Release only|x86.ActiveCfg = Release|Any CPU
		{BEC08E36-8D94-457E-9963-CB10AC96EB19}.Release|Any CPU.ActiveCfg = Release|Any CPU
		{BEC08E36-8D94-457E-9963-CB10AC96EB19}.Release|Any CPU.Build.0 = Release|Any CPU
		{BEC08E36-8D94-457E-9963-CB10AC96EB19}.Release|Mixed Platforms.ActiveCfg = Release|Any CPU
		{BEC08E36-8D94-457E-9963-CB10AC96EB19}.Release|Mixed Platforms.Build.0 = Release|Any CPU
		{BEC08E36-8D94-457E-9963-CB10AC96EB19}.Release|Win32.ActiveCfg = Release|Any CPU
		{BEC08E36-8D94-457E-9963-CB10AC96EB19}.Release|x86.ActiveCfg = Release|Any CPU
		{3151B2A4-721F-4346-A6E1-84F2F812C748}.Debug|Any CPU.ActiveCfg = Debug|Any CPU
		{3151B2A4-721F-4346-A6E1-84F2F812C748}.Debug|Any CPU.Build.0 = Debug|Any CPU
		{3151B2A4-721F-4346-A6E1-84F2F812C748}.Debug|Mixed Platforms.ActiveCfg = Debug|Any CPU
		{3151B2A4-721F-4346-A6E1-84F2F812C748}.Debug|Mixed Platforms.Build.0 = Debug|Any CPU
		{3151B2A4-721F-4346-A6E1-84F2F812C748}.Debug|Win32.ActiveCfg = Debug|Any CPU
		{3151B2A4-721F-4346-A6E1-84F2F812C748}.Debug|x86.ActiveCfg = Debug|Any CPU
		{3151B2A4-721F-4346-A6E1-84F2F812C748}.ILLibrary Release only|Any CPU.ActiveCfg = Release|Any CPU
		{3151B2A4-721F-4346-A6E1-84F2F812C748}.ILLibrary Release only|Any CPU.Build.0 = Release|Any CPU
		{3151B2A4-721F-4346-A6E1-84F2F812C748}.ILLibrary Release only|Mixed Platforms.ActiveCfg = Release|Any CPU
		{3151B2A4-721F-4346-A6E1-84F2F812C748}.ILLibrary Release only|Mixed Platforms.Build.0 = Release|Any CPU
		{3151B2A4-721F-4346-A6E1-84F2F812C748}.ILLibrary Release only|Win32.ActiveCfg = Release|Any CPU
		{3151B2A4-721F-4346-A6E1-84F2F812C748}.ILLibrary Release only|x86.ActiveCfg = Release|Any CPU
		{3151B2A4-721F-4346-A6E1-84F2F812C748}.Release|Any CPU.ActiveCfg = Release|Any CPU
		{3151B2A4-721F-4346-A6E1-84F2F812C748}.Release|Any CPU.Build.0 = Release|Any CPU
		{3151B2A4-721F-4346-A6E1-84F2F812C748}.Release|Mixed Platforms.ActiveCfg = Release|Any CPU
		{3151B2A4-721F-4346-A6E1-84F2F812C748}.Release|Mixed Platforms.Build.0 = Release|Any CPU
		{3151B2A4-721F-4346-A6E1-84F2F812C748}.Release|Win32.ActiveCfg = Release|Any CPU
		{3151B2A4-721F-4346-A6E1-84F2F812C748}.Release|x86.ActiveCfg = Release|Any CPU
		{6314A135-07D3-4C6E-BC99-03B0A5ED504E}.Debug|Any CPU.ActiveCfg = Debug|Any CPU
		{6314A135-07D3-4C6E-BC99-03B0A5ED504E}.Debug|Any CPU.Build.0 = Debug|Any CPU
		{6314A135-07D3-4C6E-BC99-03B0A5ED504E}.Debug|Mixed Platforms.ActiveCfg = Debug|Any CPU
		{6314A135-07D3-4C6E-BC99-03B0A5ED504E}.Debug|Mixed Platforms.Build.0 = Debug|Any CPU
		{6314A135-07D3-4C6E-BC99-03B0A5ED504E}.Debug|Win32.ActiveCfg = Debug|Any CPU
		{6314A135-07D3-4C6E-BC99-03B0A5ED504E}.Debug|x86.ActiveCfg = Debug|Any CPU
		{6314A135-07D3-4C6E-BC99-03B0A5ED504E}.ILLibrary Release only|Any CPU.ActiveCfg = Release|Any CPU
		{6314A135-07D3-4C6E-BC99-03B0A5ED504E}.ILLibrary Release only|Any CPU.Build.0 = Release|Any CPU
		{6314A135-07D3-4C6E-BC99-03B0A5ED504E}.ILLibrary Release only|Mixed Platforms.ActiveCfg = Release|Any CPU
		{6314A135-07D3-4C6E-BC99-03B0A5ED504E}.ILLibrary Release only|Mixed Platforms.Build.0 = Release|Any CPU
		{6314A135-07D3-4C6E-BC99-03B0A5ED504E}.ILLibrary Release only|Win32.ActiveCfg = Release|Any CPU
		{6314A135-07D3-4C6E-BC99-03B0A5ED504E}.ILLibrary Release only|x86.ActiveCfg = Release|Any CPU
		{6314A135-07D3-4C6E-BC99-03B0A5ED504E}.Release|Any CPU.ActiveCfg = Release|Any CPU
		{6314A135-07D3-4C6E-BC99-03B0A5ED504E}.Release|Any CPU.Build.0 = Release|Any CPU
		{6314A135-07D3-4C6E-BC99-03B0A5ED504E}.Release|Mixed Platforms.ActiveCfg = Release|Any CPU
		{6314A135-07D3-4C6E-BC99-03B0A5ED504E}.Release|Mixed Platforms.Build.0 = Release|Any CPU
		{6314A135-07D3-4C6E-BC99-03B0A5ED504E}.Release|Win32.ActiveCfg = Release|Any CPU
		{6314A135-07D3-4C6E-BC99-03B0A5ED504E}.Release|x86.ActiveCfg = Release|Any CPU
		{0ED030D3-3921-49E9-A3C1-5C9BB0FB242E}.Debug|Any CPU.ActiveCfg = Debug|Any CPU
		{0ED030D3-3921-49E9-A3C1-5C9BB0FB242E}.Debug|Any CPU.Build.0 = Debug|Any CPU
		{0ED030D3-3921-49E9-A3C1-5C9BB0FB242E}.Debug|Mixed Platforms.ActiveCfg = Debug|Any CPU
		{0ED030D3-3921-49E9-A3C1-5C9BB0FB242E}.Debug|Mixed Platforms.Build.0 = Debug|Any CPU
		{0ED030D3-3921-49E9-A3C1-5C9BB0FB242E}.Debug|Win32.ActiveCfg = Debug|Any CPU
		{0ED030D3-3921-49E9-A3C1-5C9BB0FB242E}.Debug|x86.ActiveCfg = Debug|Any CPU
		{0ED030D3-3921-49E9-A3C1-5C9BB0FB242E}.ILLibrary Release only|Any CPU.ActiveCfg = Release|Any CPU
		{0ED030D3-3921-49E9-A3C1-5C9BB0FB242E}.ILLibrary Release only|Any CPU.Build.0 = Release|Any CPU
		{0ED030D3-3921-49E9-A3C1-5C9BB0FB242E}.ILLibrary Release only|Mixed Platforms.ActiveCfg = Release|Any CPU
		{0ED030D3-3921-49E9-A3C1-5C9BB0FB242E}.ILLibrary Release only|Mixed Platforms.Build.0 = Release|Any CPU
		{0ED030D3-3921-49E9-A3C1-5C9BB0FB242E}.ILLibrary Release only|Win32.ActiveCfg = Release|Any CPU
		{0ED030D3-3921-49E9-A3C1-5C9BB0FB242E}.ILLibrary Release only|x86.ActiveCfg = Release|Any CPU
		{0ED030D3-3921-49E9-A3C1-5C9BB0FB242E}.Release|Any CPU.ActiveCfg = Release|Any CPU
		{0ED030D3-3921-49E9-A3C1-5C9BB0FB242E}.Release|Any CPU.Build.0 = Release|Any CPU
		{0ED030D3-3921-49E9-A3C1-5C9BB0FB242E}.Release|Mixed Platforms.ActiveCfg = Release|Any CPU
		{0ED030D3-3921-49E9-A3C1-5C9BB0FB242E}.Release|Mixed Platforms.Build.0 = Release|Any CPU
		{0ED030D3-3921-49E9-A3C1-5C9BB0FB242E}.Release|Win32.ActiveCfg = Release|Any CPU
		{0ED030D3-3921-49E9-A3C1-5C9BB0FB242E}.Release|x86.ActiveCfg = Release|Any CPU
		{8E2A0CB7-616A-4CD1-A558-83B757FF3173}.Debug|Any CPU.ActiveCfg = Debug|Any CPU
		{8E2A0CB7-616A-4CD1-A558-83B757FF3173}.Debug|Any CPU.Build.0 = Debug|Any CPU
		{8E2A0CB7-616A-4CD1-A558-83B757FF3173}.Debug|Mixed Platforms.ActiveCfg = Debug|Any CPU
		{8E2A0CB7-616A-4CD1-A558-83B757FF3173}.Debug|Mixed Platforms.Build.0 = Debug|Any CPU
		{8E2A0CB7-616A-4CD1-A558-83B757FF3173}.Debug|Win32.ActiveCfg = Debug|Any CPU
		{8E2A0CB7-616A-4CD1-A558-83B757FF3173}.Debug|x86.ActiveCfg = Debug|Any CPU
		{8E2A0CB7-616A-4CD1-A558-83B757FF3173}.ILLibrary Release only|Any CPU.ActiveCfg = Release|Any CPU
		{8E2A0CB7-616A-4CD1-A558-83B757FF3173}.ILLibrary Release only|Any CPU.Build.0 = Release|Any CPU
		{8E2A0CB7-616A-4CD1-A558-83B757FF3173}.ILLibrary Release only|Mixed Platforms.ActiveCfg = Release|Any CPU
		{8E2A0CB7-616A-4CD1-A558-83B757FF3173}.ILLibrary Release only|Mixed Platforms.Build.0 = Release|Any CPU
		{8E2A0CB7-616A-4CD1-A558-83B757FF3173}.ILLibrary Release only|Win32.ActiveCfg = Release|Any CPU
		{8E2A0CB7-616A-4CD1-A558-83B757FF3173}.ILLibrary Release only|x86.ActiveCfg = Release|Any CPU
		{8E2A0CB7-616A-4CD1-A558-83B757FF3173}.Release|Any CPU.ActiveCfg = Release|Any CPU
		{8E2A0CB7-616A-4CD1-A558-83B757FF3173}.Release|Any CPU.Build.0 = Release|Any CPU
		{8E2A0CB7-616A-4CD1-A558-83B757FF3173}.Release|Mixed Platforms.ActiveCfg = Release|Any CPU
		{8E2A0CB7-616A-4CD1-A558-83B757FF3173}.Release|Mixed Platforms.Build.0 = Release|Any CPU
		{8E2A0CB7-616A-4CD1-A558-83B757FF3173}.Release|Win32.ActiveCfg = Release|Any CPU
		{8E2A0CB7-616A-4CD1-A558-83B757FF3173}.Release|x86.ActiveCfg = Release|Any CPU
		{089D7181-24D8-4A12-AB2F-2F395D35C3F6}.Debug|Any CPU.ActiveCfg = Debug|Any CPU
		{089D7181-24D8-4A12-AB2F-2F395D35C3F6}.Debug|Any CPU.Build.0 = Debug|Any CPU
		{089D7181-24D8-4A12-AB2F-2F395D35C3F6}.Debug|Mixed Platforms.ActiveCfg = Debug|Any CPU
		{089D7181-24D8-4A12-AB2F-2F395D35C3F6}.Debug|Mixed Platforms.Build.0 = Debug|Any CPU
		{089D7181-24D8-4A12-AB2F-2F395D35C3F6}.Debug|Win32.ActiveCfg = Debug|Any CPU
		{089D7181-24D8-4A12-AB2F-2F395D35C3F6}.Debug|x86.ActiveCfg = Debug|Any CPU
		{089D7181-24D8-4A12-AB2F-2F395D35C3F6}.ILLibrary Release only|Any CPU.ActiveCfg = Release|Any CPU
		{089D7181-24D8-4A12-AB2F-2F395D35C3F6}.ILLibrary Release only|Any CPU.Build.0 = Release|Any CPU
		{089D7181-24D8-4A12-AB2F-2F395D35C3F6}.ILLibrary Release only|Mixed Platforms.ActiveCfg = Release|Any CPU
		{089D7181-24D8-4A12-AB2F-2F395D35C3F6}.ILLibrary Release only|Mixed Platforms.Build.0 = Release|Any CPU
		{089D7181-24D8-4A12-AB2F-2F395D35C3F6}.ILLibrary Release only|Win32.ActiveCfg = Release|Any CPU
		{089D7181-24D8-4A12-AB2F-2F395D35C3F6}.ILLibrary Release only|x86.ActiveCfg = Release|Any CPU
		{089D7181-24D8-4A12-AB2F-2F395D35C3F6}.Release|Any CPU.ActiveCfg = Release|Any CPU
		{089D7181-24D8-4A12-AB2F-2F395D35C3F6}.Release|Any CPU.Build.0 = Release|Any CPU
		{089D7181-24D8-4A12-AB2F-2F395D35C3F6}.Release|Mixed Platforms.ActiveCfg = Release|Any CPU
		{089D7181-24D8-4A12-AB2F-2F395D35C3F6}.Release|Mixed Platforms.Build.0 = Release|Any CPU
		{089D7181-24D8-4A12-AB2F-2F395D35C3F6}.Release|Win32.ActiveCfg = Release|Any CPU
		{089D7181-24D8-4A12-AB2F-2F395D35C3F6}.Release|x86.ActiveCfg = Release|Any CPU
		{D8609855-40A2-4D54-A3CC-8D159AB5314D}.Debug|Any CPU.ActiveCfg = Debug|Any CPU
		{D8609855-40A2-4D54-A3CC-8D159AB5314D}.Debug|Any CPU.Build.0 = Debug|Any CPU
		{D8609855-40A2-4D54-A3CC-8D159AB5314D}.Debug|Mixed Platforms.ActiveCfg = Debug|Any CPU
		{D8609855-40A2-4D54-A3CC-8D159AB5314D}.Debug|Mixed Platforms.Build.0 = Debug|Any CPU
		{D8609855-40A2-4D54-A3CC-8D159AB5314D}.Debug|Win32.ActiveCfg = Debug|Any CPU
		{D8609855-40A2-4D54-A3CC-8D159AB5314D}.Debug|x86.ActiveCfg = Debug|Any CPU
		{D8609855-40A2-4D54-A3CC-8D159AB5314D}.ILLibrary Release only|Any CPU.ActiveCfg = Release|Any CPU
		{D8609855-40A2-4D54-A3CC-8D159AB5314D}.ILLibrary Release only|Any CPU.Build.0 = Release|Any CPU
		{D8609855-40A2-4D54-A3CC-8D159AB5314D}.ILLibrary Release only|Mixed Platforms.ActiveCfg = Release|Any CPU
		{D8609855-40A2-4D54-A3CC-8D159AB5314D}.ILLibrary Release only|Mixed Platforms.Build.0 = Release|Any CPU
		{D8609855-40A2-4D54-A3CC-8D159AB5314D}.ILLibrary Release only|Win32.ActiveCfg = Release|Any CPU
		{D8609855-40A2-4D54-A3CC-8D159AB5314D}.ILLibrary Release only|x86.ActiveCfg = Release|Any CPU
		{D8609855-40A2-4D54-A3CC-8D159AB5314D}.Release|Any CPU.ActiveCfg = Release|Any CPU
		{D8609855-40A2-4D54-A3CC-8D159AB5314D}.Release|Any CPU.Build.0 = Release|Any CPU
		{D8609855-40A2-4D54-A3CC-8D159AB5314D}.Release|Mixed Platforms.ActiveCfg = Release|Any CPU
		{D8609855-40A2-4D54-A3CC-8D159AB5314D}.Release|Mixed Platforms.Build.0 = Release|Any CPU
		{D8609855-40A2-4D54-A3CC-8D159AB5314D}.Release|Win32.ActiveCfg = Release|Any CPU
		{D8609855-40A2-4D54-A3CC-8D159AB5314D}.Release|x86.ActiveCfg = Release|Any CPU
		{33E77EBD-B38E-4E53-AE24-E1DBEE05EF78}.Debug|Any CPU.ActiveCfg = Debug|Any CPU
		{33E77EBD-B38E-4E53-AE24-E1DBEE05EF78}.Debug|Any CPU.Build.0 = Debug|Any CPU
		{33E77EBD-B38E-4E53-AE24-E1DBEE05EF78}.Debug|Mixed Platforms.ActiveCfg = Debug|Any CPU
		{33E77EBD-B38E-4E53-AE24-E1DBEE05EF78}.Debug|Mixed Platforms.Build.0 = Debug|Any CPU
		{33E77EBD-B38E-4E53-AE24-E1DBEE05EF78}.Debug|Win32.ActiveCfg = Debug|Any CPU
		{33E77EBD-B38E-4E53-AE24-E1DBEE05EF78}.Debug|x86.ActiveCfg = Debug|Any CPU
		{33E77EBD-B38E-4E53-AE24-E1DBEE05EF78}.ILLibrary Release only|Any CPU.ActiveCfg = Release|Any CPU
		{33E77EBD-B38E-4E53-AE24-E1DBEE05EF78}.ILLibrary Release only|Any CPU.Build.0 = Release|Any CPU
		{33E77EBD-B38E-4E53-AE24-E1DBEE05EF78}.ILLibrary Release only|Mixed Platforms.ActiveCfg = Release|Any CPU
		{33E77EBD-B38E-4E53-AE24-E1DBEE05EF78}.ILLibrary Release only|Mixed Platforms.Build.0 = Release|Any CPU
		{33E77EBD-B38E-4E53-AE24-E1DBEE05EF78}.ILLibrary Release only|Win32.ActiveCfg = Release|Any CPU
		{33E77EBD-B38E-4E53-AE24-E1DBEE05EF78}.ILLibrary Release only|x86.ActiveCfg = Release|Any CPU
		{33E77EBD-B38E-4E53-AE24-E1DBEE05EF78}.Release|Any CPU.ActiveCfg = Release|Any CPU
		{33E77EBD-B38E-4E53-AE24-E1DBEE05EF78}.Release|Any CPU.Build.0 = Release|Any CPU
		{33E77EBD-B38E-4E53-AE24-E1DBEE05EF78}.Release|Mixed Platforms.ActiveCfg = Release|Any CPU
		{33E77EBD-B38E-4E53-AE24-E1DBEE05EF78}.Release|Mixed Platforms.Build.0 = Release|Any CPU
		{33E77EBD-B38E-4E53-AE24-E1DBEE05EF78}.Release|Win32.ActiveCfg = Release|Any CPU
		{33E77EBD-B38E-4E53-AE24-E1DBEE05EF78}.Release|x86.ActiveCfg = Release|Any CPU
		{517C314D-A26E-400D-9786-A5AF4DE1A504}.Debug|Any CPU.ActiveCfg = Debug|Any CPU
		{517C314D-A26E-400D-9786-A5AF4DE1A504}.Debug|Any CPU.Build.0 = Debug|Any CPU
		{517C314D-A26E-400D-9786-A5AF4DE1A504}.Debug|Mixed Platforms.ActiveCfg = Debug|Any CPU
		{517C314D-A26E-400D-9786-A5AF4DE1A504}.Debug|Mixed Platforms.Build.0 = Debug|Any CPU
		{517C314D-A26E-400D-9786-A5AF4DE1A504}.Debug|Win32.ActiveCfg = Debug|Any CPU
		{517C314D-A26E-400D-9786-A5AF4DE1A504}.Debug|x86.ActiveCfg = Debug|Any CPU
		{517C314D-A26E-400D-9786-A5AF4DE1A504}.ILLibrary Release only|Any CPU.ActiveCfg = Release|Any CPU
		{517C314D-A26E-400D-9786-A5AF4DE1A504}.ILLibrary Release only|Any CPU.Build.0 = Release|Any CPU
		{517C314D-A26E-400D-9786-A5AF4DE1A504}.ILLibrary Release only|Mixed Platforms.ActiveCfg = Release|Any CPU
		{517C314D-A26E-400D-9786-A5AF4DE1A504}.ILLibrary Release only|Mixed Platforms.Build.0 = Release|Any CPU
		{517C314D-A26E-400D-9786-A5AF4DE1A504}.ILLibrary Release only|Win32.ActiveCfg = Release|Any CPU
		{517C314D-A26E-400D-9786-A5AF4DE1A504}.ILLibrary Release only|x86.ActiveCfg = Release|Any CPU
		{517C314D-A26E-400D-9786-A5AF4DE1A504}.Release|Any CPU.ActiveCfg = Release|Any CPU
		{517C314D-A26E-400D-9786-A5AF4DE1A504}.Release|Any CPU.Build.0 = Release|Any CPU
		{517C314D-A26E-400D-9786-A5AF4DE1A504}.Release|Mixed Platforms.ActiveCfg = Release|Any CPU
		{517C314D-A26E-400D-9786-A5AF4DE1A504}.Release|Mixed Platforms.Build.0 = Release|Any CPU
		{517C314D-A26E-400D-9786-A5AF4DE1A504}.Release|Win32.ActiveCfg = Release|Any CPU
		{517C314D-A26E-400D-9786-A5AF4DE1A504}.Release|x86.ActiveCfg = Release|Any CPU
		{66D302BB-134B-42D0-B328-0A7DA6C22E75}.Debug|Any CPU.ActiveCfg = Debug|Any CPU
		{66D302BB-134B-42D0-B328-0A7DA6C22E75}.Debug|Any CPU.Build.0 = Debug|Any CPU
		{66D302BB-134B-42D0-B328-0A7DA6C22E75}.Debug|Mixed Platforms.ActiveCfg = Debug|Any CPU
		{66D302BB-134B-42D0-B328-0A7DA6C22E75}.Debug|Mixed Platforms.Build.0 = Debug|Any CPU
		{66D302BB-134B-42D0-B328-0A7DA6C22E75}.Debug|Win32.ActiveCfg = Debug|Any CPU
		{66D302BB-134B-42D0-B328-0A7DA6C22E75}.Debug|x86.ActiveCfg = Debug|Any CPU
		{66D302BB-134B-42D0-B328-0A7DA6C22E75}.ILLibrary Release only|Any CPU.ActiveCfg = Release|Any CPU
		{66D302BB-134B-42D0-B328-0A7DA6C22E75}.ILLibrary Release only|Any CPU.Build.0 = Release|Any CPU
		{66D302BB-134B-42D0-B328-0A7DA6C22E75}.ILLibrary Release only|Mixed Platforms.ActiveCfg = Release|Any CPU
		{66D302BB-134B-42D0-B328-0A7DA6C22E75}.ILLibrary Release only|Mixed Platforms.Build.0 = Release|Any CPU
		{66D302BB-134B-42D0-B328-0A7DA6C22E75}.ILLibrary Release only|Win32.ActiveCfg = Release|Any CPU
		{66D302BB-134B-42D0-B328-0A7DA6C22E75}.ILLibrary Release only|x86.ActiveCfg = Release|Any CPU
		{66D302BB-134B-42D0-B328-0A7DA6C22E75}.Release|Any CPU.ActiveCfg = Release|Any CPU
		{66D302BB-134B-42D0-B328-0A7DA6C22E75}.Release|Any CPU.Build.0 = Release|Any CPU
		{66D302BB-134B-42D0-B328-0A7DA6C22E75}.Release|Mixed Platforms.ActiveCfg = Release|Any CPU
		{66D302BB-134B-42D0-B328-0A7DA6C22E75}.Release|Mixed Platforms.Build.0 = Release|Any CPU
		{66D302BB-134B-42D0-B328-0A7DA6C22E75}.Release|Win32.ActiveCfg = Release|Any CPU
		{66D302BB-134B-42D0-B328-0A7DA6C22E75}.Release|x86.ActiveCfg = Release|Any CPU
	EndGlobalSection
	GlobalSection(SolutionProperties) = preSolution
		HideSolutionNode = FALSE
	EndGlobalSection
EndGlobal
