
Microsoft Visual Studio Solution File, Format Version 10.00
# Visual Studio 2008
Project("{FAE04EC0-301F-11D3-BF4B-00C04F79EFBC}") = "HycalperConsole", "HycalperConsole\HycalperConsole.csproj", "{584EF2BE-8D0B-4964-9F05-0F804153FF55}"
EndProject
Global
	GlobalSection(SolutionConfigurationPlatforms) = preSolution
		Debug|Any CPU = Debug|Any CPU
		Release|Any CPU = Release|Any CPU
	EndGlobalSection
	GlobalSection(ProjectConfigurationPlatforms) = postSolution
		{584EF2BE-8D0B-4964-9F05-0F804153FF55}.Debug|Any CPU.ActiveCfg = Debug|Any CPU
		{584EF2BE-8D0B-4964-9F05-0F804153FF55}.Debug|Any CPU.Build.0 = Debug|Any CPU
		{584EF2BE-8D0B-4964-9F05-0F804153FF55}.Release|Any CPU.ActiveCfg = Release|Any CPU
		{584EF2BE-8D0B-4964-9F05-0F804153FF55}.Release|Any CPU.Build.0 = Release|Any CPU
	EndGlobalSection
	GlobalSection(SolutionProperties) = preSolution
		HideSolutionNode = FALSE
	EndGlobalSection
EndGlobal
